{
    "name": "sfn-validator",
    "version": "0.1.0",
    "lockfileVersion": 1,
    "requires": true,
    "dependencies": {
        "css-color-names": {
            "version": "0.0.1",
            "resolved": "https://registry.npmjs.org/css-color-names/-/css-color-names-0.0.1.tgz",
            "integrity": "sha1-XQVI+iVkVu3kqaDCrHqxnT6xrYE="
        },
        "hex-color-regex": {
            "version": "1.1.0",
            "resolved": "https://registry.npmjs.org/hex-color-regex/-/hex-color-regex-1.1.0.tgz",
            "integrity": "sha512-l9sfDFsuqtOqKDsQdqrMRk0U85RZc0RtOR9yPI7mRVOa4FsR/BVnZ0shmQRM96Ji99kYZP/7hn1cedc1+ApsTQ=="
        },
        "hsl-regex": {
            "version": "1.0.0",
            "resolved": "https://registry.npmjs.org/hsl-regex/-/hsl-regex-1.0.0.tgz",
            "integrity": "sha1-1JMwx4ntgZ4nakwNJy3/owsY/m4="
        },
        "hsla-regex": {
            "version": "1.0.0",
            "resolved": "https://registry.npmjs.org/hsla-regex/-/hsla-regex-1.0.0.tgz",
            "integrity": "sha1-wc56MWjIxmFAM6S194d/OyJfnDg="
        },
        "ip-regex": {
            "version": "2.1.0",
            "resolved": "https://registry.npmjs.org/ip-regex/-/ip-regex-2.1.0.tgz",
            "integrity": "sha1-+ni/XS5pE8kRzp+BnuUUa7bYROk="
        },
        "is-color": {
            "version": "0.2.0",
            "resolved": "https://registry.npmjs.org/is-color/-/is-color-0.2.0.tgz",
            "integrity": "sha1-nUDGmXEH+I38XKAnYsxRs66AOdM=",
            "requires": {
                "css-color-names": "0.0.1",
                "hex-color-regex": "1.1.0",
                "hsl-regex": "1.0.0",
                "hsla-regex": "1.0.0",
                "rgb-regex": "1.0.1",
                "rgba-regex": "1.0.0"
            }
        },
        "is-ip": {
            "version": "2.0.0",
            "resolved": "https://registry.npmjs.org/is-ip/-/is-ip-2.0.0.tgz",
            "integrity": "sha1-aO6gfooKCpTC0IDdZ0xzGrKkYas=",
            "requires": {
                "ip-regex": "2.1.0"
            }
        },
        "isbn": {
            "version": "0.4.0",
            "resolved": "https://registry.npmjs.org/isbn/-/isbn-0.4.0.tgz",
            "integrity": "sha1-Zjq1Lq1L5VX9o4hEYeAlLYxGU3s="
        },
        "rgb-regex": {
            "version": "1.0.1",
            "resolved": "https://registry.npmjs.org/rgb-regex/-/rgb-regex-1.0.1.tgz",
            "integrity": "sha1-wODWiC3w4jviVKR16O3UGRX+rrE="
        },
        "rgba-regex": {
            "version": "1.0.0",
            "resolved": "https://registry.npmjs.org/rgba-regex/-/rgba-regex-1.0.0.tgz",
            "integrity": "sha1-QzdOLiyglosO8VI0YLfXMP8i7rM="
        }
    }
}
